// !$*UTF8*$!
{
	archiveVersion = 1;
	classes = {
	};
	objectVersion = 46;
	objects = {

/* Begin PBXBuildFile section */
		3722D91718F216F700C2B860 /* Foundation.framework in Frameworks */ = {isa = PBXBuildFile; fileRef = 3722D91618F216F700C2B860 /* Foundation.framework */; };
		3722D91918F216F700C2B860 /* CoreGraphics.framework in Frameworks */ = {isa = PBXBuildFile; fileRef = 3722D91818F216F700C2B860 /* CoreGraphics.framework */; };
		3722D91B18F216F700C2B860 /* UIKit.framework in Frameworks */ = {isa = PBXBuildFile; fileRef = 3722D91A18F216F700C2B860 /* UIKit.framework */; };
		3722D92118F216F700C2B860 /* InfoPlist.strings in Resources */ = {isa = PBXBuildFile; fileRef = 3722D91F18F216F700C2B860 /* InfoPlist.strings */; };
		3722D92318F216F700C2B860 /* main.m in Sources */ = {isa = PBXBuildFile; fileRef = 3722D92218F216F700C2B860 /* main.m */; };
		3722D92718F216F700C2B860 /* DGAppDelegate.m in Sources */ = {isa = PBXBuildFile; fileRef = 3722D92618F216F700C2B860 /* DGAppDelegate.m */; };
		3722D92A18F216F700C2B860 /* Main.storyboard in Resources */ = {isa = PBXBuildFile; fileRef = 3722D92818F216F700C2B860 /* Main.storyboard */; };
		3722D92D18F216F800C2B860 /* DGViewController.m in Sources */ = {isa = PBXBuildFile; fileRef = 3722D92C18F216F800C2B860 /* DGViewController.m */; };
		3722D92F18F216F800C2B860 /* Images.xcassets in Resources */ = {isa = PBXBuildFile; fileRef = 3722D92E18F216F800C2B860 /* Images.xcassets */; };
		3722D93618F216F800C2B860 /* XCTest.framework in Frameworks */ = {isa = PBXBuildFile; fileRef = 3722D93518F216F800C2B860 /* XCTest.framework */; };
		3722D93718F216F800C2B860 /* Foundation.framework in Frameworks */ = {isa = PBXBuildFile; fileRef = 3722D91618F216F700C2B860 /* Foundation.framework */; };
		3722D93818F216F800C2B860 /* UIKit.framework in Frameworks */ = {isa = PBXBuildFile; fileRef = 3722D91A18F216F700C2B860 /* UIKit.framework */; };
		3722D94018F216F800C2B860 /* InfoPlist.strings in Resources */ = {isa = PBXBuildFile; fileRef = 3722D93E18F216F800C2B860 /* InfoPlist.strings */; };
		3722D94218F216F800C2B860 /* UITVC_ChallangeTests.m in Sources */ = {isa = PBXBuildFile; fileRef = 3722D94118F216F800C2B860 /* UITVC_ChallangeTests.m */; };
/* End PBXBuildFile section */

/* Begin PBXContainerItemProxy section */
		3722D93918F216F800C2B860 /* PBXContainerItemProxy */ = {
			isa = PBXContainerItemProxy;
			containerPortal = 3722D90B18F216F700C2B860 /* Project object */;
			proxyType = 1;
			remoteGlobalIDString = 3722D91218F216F700C2B860;
			remoteInfo = UITVC_Challange;
		};
/* End PBXContainerItemProxy section */

/* Begin PBXFileReference section */
		3722D91318F216F700C2B860 /* UITVC_Challange.app */ = {isa = PBXFileReference; explicitFileType = wrapper.application; includeInIndex = 0; path = UITVC_Challange.app; sourceTree = BUILT_PRODUCTS_DIR; };
		3722D91618F216F700C2B860 /* Foundation.framework */ = {isa = PBXFileReference; lastKnownFileType = wrapper.framework; name = Foundation.framework; path = System/Library/Frameworks/Foundation.framework; sourceTree = SDKROOT; };
		3722D91818F216F700C2B860 /* CoreGraphics.framework */ = {isa = PBXFileReference; lastKnownFileType = wrapper.framework; name = CoreGraphics.framework; path = System/Library/Frameworks/CoreGraphics.framework; sourceTree = SDKROOT; };
		3722D91A18F216F700C2B860 /* UIKit.framework */ = {isa = PBXFileReference; lastKnownFileType = wrapper.framework; name = UIKit.framework; path = System/Library/Frameworks/UIKit.framework; sourceTree = SDKROOT; };
		3722D91E18F216F700C2B860 /* UITVC_Challange-Info.plist */ = {isa = PBXFileReference; lastKnownFileType = text.plist.xml; path = "UITVC_Challange-Info.plist"; sourceTree = "<group>"; };
		3722D92018F216F700C2B860 /* en */ = {isa = PBXFileReference; lastKnownFileType = text.plist.strings; name = en; path = en.lproj/InfoPlist.strings; sourceTree = "<group>"; };
		3722D92218F216F700C2B860 /* main.m */ = {isa = PBXFileReference; lastKnownFileType = sourcecode.c.objc; path = main.m; sourceTree = "<group>"; };
		3722D92418F216F700C2B860 /* UITVC_Challange-Prefix.pch */ = {isa = PBXFileReference; lastKnownFileType = sourcecode.c.h; path = "UITVC_Challange-Prefix.pch"; sourceTree = "<group>"; };
		3722D92518F216F700C2B860 /* DGAppDelegate.h */ = {isa = PBXFileReference; lastKnownFileType = sourcecode.c.h; path = DGAppDelegate.h; sourceTree = "<group>"; };
		3722D92618F216F700C2B860 /* DGAppDelegate.m */ = {isa = PBXFileReference; lastKnownFileType = sourcecode.c.objc; path = DGAppDelegate.m; sourceTree = "<group>"; };
		3722D92918F216F700C2B860 /* Base */ = {isa = PBXFileReference; lastKnownFileType = file.storyboard; name = Base; path = Base.lproj/Main.storyboard; sourceTree = "<group>"; };
		3722D92B18F216F800C2B860 /* DGViewController.h */ = {isa = PBXFileReference; lastKnownFileType = sourcecode.c.h; path = DGViewController.h; sourceTree = "<group>"; };
		3722D92C18F216F800C2B860 /* DGViewController.m */ = {isa = PBXFileReference; lastKnownFileType = sourcecode.c.objc; path = DGViewController.m; sourceTree = "<group>"; };
		3722D92E18F216F800C2B860 /* Images.xcassets */ = {isa = PBXFileReference; lastKnownFileType = folder.assetcatalog; path = Images.xcassets; sourceTree = "<group>"; };
		3722D93418F216F800C2B860 /* UITVC_ChallangeTests.xctest */ = {isa = PBXFileReference; explicitFileType = wrapper.cfbundle; includeInIndex = 0; path = UITVC_ChallangeTests.xctest; sourceTree = BUILT_PRODUCTS_DIR; };
		3722D93518F216F800C2B860 /* XCTest.framework */ = {isa = PBXFileReference; lastKnownFileType = wrapper.framework; name = XCTest.framework; path = Library/Frameworks/XCTest.framework; sourceTree = DEVELOPER_DIR; };
		3722D93D18F216F800C2B860 /* UITVC_ChallangeTests-Info.plist */ = {isa = PBXFileReference; lastKnownFileType = text.plist.xml; path = "UITVC_ChallangeTests-Info.plist"; sourceTree = "<group>"; };
		3722D93F18F216F800C2B860 /* en */ = {isa = PBXFileReference; lastKnownFileType = text.plist.strings; name = en; path = en.lproj/InfoPlist.strings; sourceTree = "<group>"; };
		3722D94118F216F800C2B860 /* UITVC_ChallangeTests.m */ = {isa = PBXFileReference; lastKnownFileType = sourcecode.c.objc; path = UITVC_ChallangeTests.m; sourceTree = "<group>"; };
/* End PBXFileReference section */

/* Begin PBXFrameworksBuildPhase section */
		3722D91018F216F700C2B860 /* Frameworks */ = {
			isa = PBXFrameworksBuildPhase;
			buildActionMask = 2147483647;
			files = (
				3722D91918F216F700C2B860 /* CoreGraphics.framework in Frameworks */,
				3722D91B18F216F700C2B860 /* UIKit.framework in Frameworks */,
				3722D91718F216F700C2B860 /* Foundation.framework in Frameworks */,
			);
			runOnlyForDeploymentPostprocessing = 0;
		};
		3722D93118F216F800C2B860 /* Frameworks */ = {
			isa = PBXFrameworksBuildPhase;
			buildActionMask = 2147483647;
			files = (
				3722D93618F216F800C2B860 /* XCTest.framework in Frameworks */,
				3722D93818F216F800C2B860 /* UIKit.framework in Frameworks */,
				3722D93718F216F800C2B860 /* Foundation.framework in Frameworks */,
			);
			runOnlyForDeploymentPostprocessing = 0;
		};
/* End PBXFrameworksBuildPhase section */

/* Begin PBXGroup section */
		3722D90A18F216F700C2B860 = {
			isa = PBXGroup;
			children = (
				3722D91C18F216F700C2B860 /* UITVC_Challange */,
				3722D93B18F216F800C2B860 /* UITVC_ChallangeTests */,
				3722D91518F216F700C2B860 /* Frameworks */,
				3722D91418F216F700C2B860 /* Products */,
			);
			sourceTree = "<group>";
		};
		3722D91418F216F700C2B860 /* Products */ = {
			isa = PBXGroup;
			children = (
				3722D91318F216F700C2B860 /* UITVC_Challange.app */,
				3722D93418F216F800C2B860 /* UITVC_ChallangeTests.xctest */,
			);
			name = Products;
			sourceTree = "<group>";
		};
		3722D91518F216F700C2B860 /* Frameworks */ = {
			isa = PBXGroup;
			children = (
				3722D91618F216F700C2B860 /* Foundation.framework */,
				3722D91818F216F700C2B860 /* CoreGraphics.framework */,
				3722D91A18F216F700C2B860 /* UIKit.framework */,
				3722D93518F216F800C2B860 /* XCTest.framework */,
			);
			name = Frameworks;
			sourceTree = "<group>";
		};
		3722D91C18F216F700C2B860 /* UITVC_Challange */ = {
			isa = PBXGroup;
			children = (
				3722D92518F216F700C2B860 /* DGAppDelegate.h */,
				3722D92618F216F700C2B860 /* DGAppDelegate.m */,
				3722D92818F216F700C2B860 /* Main.storyboard */,
				3722D92B18F216F800C2B860 /* DGViewController.h */,
				3722D92C18F216F800C2B860 /* DGViewController.m */,
				3722D92E18F216F800C2B860 /* Images.xcassets */,
				3722D91D18F216F700C2B860 /* Supporting Files */,
			);
			path = UITVC_Challange;
			sourceTree = "<group>";
		};
		3722D91D18F216F700C2B860 /* Supporting Files */ = {
			isa = PBXGroup;
			children = (
				3722D91E18F216F700C2B860 /* UITVC_Challange-Info.plist */,
				3722D91F18F216F700C2B860 /* InfoPlist.strings */,
				3722D92218F216F700C2B860 /* main.m */,
				3722D92418F216F700C2B860 /* UITVC_Challange-Prefix.pch */,
			);
			name = "Supporting Files";
			sourceTree = "<group>";
		};
		3722D93B18F216F800C2B860 /* UITVC_ChallangeTests */ = {
			isa = PBXGroup;
			children = (
				3722D94118F216F800C2B860 /* UITVC_ChallangeTests.m */,
				3722D93C18F216F800C2B860 /* Supporting Files */,
			);
			path = UITVC_ChallangeTests;
			sourceTree = "<group>";
		};
		3722D93C18F216F800C2B860 /* Supporting Files */ = {
			isa = PBXGroup;
			children = (
				3722D93D18F216F800C2B860 /* UITVC_ChallangeTests-Info.plist */,
				3722D93E18F216F800C2B860 /* InfoPlist.strings */,
			);
			name = "Supporting Files";
			sourceTree = "<group>";
		};
/* End PBXGroup section */

/* Begin PBXNativeTarget section */
		3722D91218F216F700C2B860 /* UITVC_Challange */ = {
			isa = PBXNativeTarget;
			buildConfigurationList = 3722D94518F216F800C2B860 /* Build configuration list for PBXNativeTarget "UITVC_Challange" */;
			buildPhases = (
				3722D90F18F216F700C2B860 /* Sources */,
				3722D91018F216F700C2B860 /* Frameworks */,
				3722D91118F216F700C2B860 /* Resources */,
			);
			buildRules = (
			);
			dependencies = (
			);
			name = UITVC_Challange;
			productName = UITVC_Challange;
			productReference = 3722D91318F216F700C2B860 /* UITVC_Challange.app */;
			productType = "com.apple.product-type.application";
		};
		3722D93318F216F800C2B860 /* UITVC_ChallangeTests */ = {
			isa = PBXNativeTarget;
			buildConfigurationList = 3722D94818F216F800C2B860 /* Build configuration list for PBXNativeTarget "UITVC_ChallangeTests" */;
			buildPhases = (
				3722D93018F216F800C2B860 /* Sources */,
				3722D93118F216F800C2B860 /* Frameworks */,
				3722D93218F216F800C2B860 /* Resources */,
			);
			buildRules = (
			);
			dependencies = (
				3722D93A18F216F800C2B860 /* PBXTargetDependency */,
			);
			name = UITVC_ChallangeTests;
			productName = UITVC_ChallangeTests;
			productReference = 3722D93418F216F800C2B860 /* UITVC_ChallangeTests.xctest */;
			productType = "com.apple.product-type.bundle.unit-test";
		};
/* End PBXNativeTarget section */

/* Begin PBXProject section */
		3722D90B18F216F700C2B860 /* Project object */ = {
			isa = PBXProject;
			attributes = {
				CLASSPREFIX = DG;
				LastUpgradeCheck = 0510;
				ORGANIZATIONNAME = GDGA;
				TargetAttributes = {
					3722D93318F216F800C2B860 = {
						TestTargetID = 3722D91218F216F700C2B860;
					};
				};
			};
			buildConfigurationList = 3722D90E18F216F700C2B860 /* Build configuration list for PBXProject "UITVC_Challange" */;
			compatibilityVersion = "Xcode 3.2";
			developmentRegion = English;
			hasScannedForEncodings = 0;
			knownRegions = (
				en,
				Base,
			);
			mainGroup = 3722D90A18F216F700C2B860;
			productRefGroup = 3722D91418F216F700C2B860 /* Products */;
			projectDirPath = "";
			projectRoot = "";
			targets = (
				3722D91218F216F700C2B860 /* UITVC_Challange */,
				3722D93318F216F800C2B860 /* UITVC_ChallangeTests */,
			);
		};
/* End PBXProject section */

/* Begin PBXResourcesBuildPhase section */
		3722D91118F216F700C2B860 /* Resources */ = {
			isa = PBXResourcesBuildPhase;
			buildActionMask = 2147483647;
			files = (
				3722D92F18F216F800C2B860 /* Images.xcassets in Resources */,
				3722D92118F216F700C2B860 /* InfoPlist.strings in Resources */,
				3722D92A18F216F700C2B860 /* Main.storyboard in Resources */,
			);
			runOnlyForDeploymentPostprocessing = 0;
		};
		3722D93218F216F800C2B860 /* Resources */ = {
			isa = PBXResourcesBuildPhase;
			buildActionMask = 2147483647;
			files = (
				3722D94018F216F800C2B860 /* InfoPlist.strings in Resources */,
			);
			runOnlyForDeploymentPostprocessing = 0;
		};
/* End PBXResourcesBuildPhase section */

/* Begin PBXSourcesBuildPhase section */
		3722D90F18F216F700C2B860 /* Sources */ = {
			isa = PBXSourcesBuildPhase;
			buildActionMask = 2147483647;
			files = (
				3722D92318F216F700C2B860 /* main.m in Sources */,
				3722D92D18F216F800C2B860 /* DGViewController.m in Sources */,
				3722D92718F216F700C2B860 /* DGAppDelegate.m in Sources */,
			);
			runOnlyForDeploymentPostprocessing = 0;
		};
		3722D93018F216F800C2B860 /* Sources */ = {
			isa = PBXSourcesBuildPhase;
			buildActionMask = 2147483647;
			files = (
				3722D94218F216F800C2B860 /* UITVC_ChallangeTests.m in Sources */,
			);
			runOnlyForDeploymentPostprocessing = 0;
		};
/* End PBXSourcesBuildPhase section */

/* Begin PBXTargetDependency section */
		3722D93A18F216F800C2B860 /* PBXTargetDependency */ = {
			isa = PBXTargetDependency;
			target = 3722D91218F216F700C2B860 /* UITVC_Challange */;
			targetProxy = 3722D93918F216F800C2B860 /* PBXContainerItemProxy */;
		};
/* End PBXTargetDependency section */

/* Begin PBXVariantGroup section */
		3722D91F18F216F700C2B860 /* InfoPlist.strings */ = {
			isa = PBXVariantGroup;
			children = (
				3722D92018F216F700C2B860 /* en */,
			);
			name = InfoPlist.strings;
			sourceTree = "<group>";
		};
		3722D92818F216F700C2B860 /* Main.storyboard */ = {
			isa = PBXVariantGroup;
			children = (
				3722D92918F216F700C2B860 /* Base */,
			);
			name = Main.storyboard;
			sourceTree = "<group>";
		};
		3722D93E18F216F800C2B860 /* InfoPlist.strings */ = {
			isa = PBXVariantGroup;
			children = (
				3722D93F18F216F800C2B860 /* en */,
			);
			name = InfoPlist.strings;
			sourceTree = "<group>";
		};
/* End PBXVariantGroup section */

/* Begin XCBuildConfiguration section */
		3722D94318F216F800C2B860 /* Debug */ = {
			isa = XCBuildConfiguration;
			buildSettings = {
				ALWAYS_SEARCH_USER_PATHS = NO;
				CLANG_CXX_LANGUAGE_STANDARD = "gnu++0x";
				CLANG_CXX_LIBRARY = "libc++";
				CLANG_ENABLE_MODULES = YES;
				CLANG_ENABLE_OBJC_ARC = YES;
				CLANG_WARN_BOOL_CONVERSION = YES;
				CLANG_WARN_CONSTANT_CONVERSION = YES;
				CLANG_WARN_DIRECT_OBJC_ISA_USAGE = YES_ERROR;
				CLANG_WARN_EMPTY_BODY = YES;
				CLANG_WARN_ENUM_CONVERSION = YES;
				CLANG_WARN_INT_CONVERSION = YES;
				CLANG_WARN_OBJC_ROOT_CLASS = YES_ERROR;
				CLANG_WARN__DUPLICATE_METHOD_MATCH = YES;
				"CODE_SIGN_IDENTITY[sdk=iphoneos*]" = "iPhone Developer";
				COPY_PHASE_STRIP = NO;
				GCC_C_LANGUAGE_STANDARD = gnu99;
				GCC_DYNAMIC_NO_PIC = NO;
				GCC_OPTIMIZATION_LEVEL = 0;
				GCC_PREPROCESSOR_DEFINITIONS = (
					"DEBUG=1",
					"$(inherited)",
				);
				GCC_SYMBOLS_PRIVATE_EXTERN = NO;
				GCC_WARN_64_TO_32_BIT_CONVERSION = YES;
				GCC_WARN_ABOUT_RETURN_TYPE = YES_ERROR;
				GCC_WARN_UNDECLARED_SELECTOR = YES;
				GCC_WARN_UNINITIALIZED_AUTOS = YES_AGGRESSIVE;
				GCC_WARN_UNUSED_FUNCTION = YES;
				GCC_WARN_UNUSED_VARIABLE = YES;
				IPHONEOS_DEPLOYMENT_TARGET = 7.1;
				ONLY_ACTIVE_ARCH = YES;
				SDKROOT = iphoneos;
			};
			name = Debug;
		};
		3722D94418F216F800C2B860 /* Release */ = {
			isa = XCBuildConfiguration;
			buildSettings = {
				ALWAYS_SEARCH_USER_PATHS = NO;
				CLANG_CXX_LANGUAGE_STANDARD = "gnu++0x";
				CLANG_CXX_LIBRARY = "libc++";
				CLANG_ENABLE_MODULES = YES;
				CLANG_ENABLE_OBJC_ARC = YES;
				CLANG_WARN_BOOL_CONVERSION = YES;
				CLANG_WARN_CONSTANT_CONVERSION = YES;
				CLANG_WARN_DIRECT_OBJC_ISA_USAGE = YES_ERROR;
				CLANG_WARN_EMPTY_BODY = YES;
				CLANG_WARN_ENUM_CONVERSION = YES;
				CLANG_WARN_INT_CONVERSION = YES;
				CLANG_WARN_OBJC_ROOT_CLASS = YES_ERROR;
				CLANG_WARN__DUPLICATE_METHOD_MATCH = YES;
				"CODE_SIGN_IDENTITY[sdk=iphoneos*]" = "iPhone Developer";
				COPY_PHASE_STRIP = YES;
				ENABLE_NS_ASSERTIONS = NO;
				GCC_C_LANGUAGE_STANDARD = gnu99;
				GCC_WARN_64_TO_32_BIT_CONVERSION = YES;
				GCC_WARN_ABOUT_RETURN_TYPE = YES_ERROR;
				GCC_WARN_UNDECLARED_SELECTOR = YES;
				GCC_WARN_UNINITIALIZED_AUTOS = YES_AGGRESSIVE;
				GCC_WARN_UNUSED_FUNCTION = YES;
				GCC_WARN_UNUSED_VARIABLE = YES;
				IPHONEOS_DEPLOYMENT_TARGET = 7.1;
				SDKROOT = iphoneos;
				VALIDATE_PRODUCT = YES;
			};
			name = Release;
		};
		3722D94618F216F800C2B860 /* Debug */ = {
			isa = XCBuildConfiguration;
			buildSettings = {
				ASSETCATALOG_COMPILER_APPICON_NAME = AppIcon;
				ASSETCATALOG_COMPILER_LAUNCHIMAGE_NAME = LaunchImage;
				GCC_PRECOMPILE_PREFIX_HEADER = YES;
				GCC_PREFIX_HEADER = "UITVC_Challange/UITVC_Challange-Prefix.pch";
				INFOPLIST_FILE = "UITVC_Challange/UITVC_Challange-Info.plist";
				PRODUCT_NAME = "$(TARGET_NAME)";
				WRAPPER_EXTENSION = app;
			};
			name = Debug;
		};
		3722D94718F216F800C2B860 /* Release */ = {
			isa = XCBuildConfiguration;
			buildSettings = {
				ASSETCATALOG_COMPILER_APPICON_NAME = AppIcon;
				ASSETCATALOG_COMPILER_LAUNCHIMAGE_NAME = LaunchImage;
				GCC_PRECOMPILE_PREFIX_HEADER = YES;
				GCC_PREFIX_HEADER = "UITVC_Challange/UITVC_Challange-Prefix.pch";
				INFOPLIST_FILE = "UITVC_Challange/UITVC_Challange-Info.plist";
				PRODUCT_NAME = "$(TARGET_NAME)";
				WRAPPER_EXTENSION = app;
			};
			name = Release;
		};
		3722D94918F216F800C2B860 /* Debug */ = {
			isa = XCBuildConfiguration;
			buildSettings = {
				BUNDLE_LOADER = "$(BUILT_PRODUCTS_DIR)/UITVC_Challange.app/UITVC_Challange";
				FRAMEWORK_SEARCH_PATHS = (
					"$(SDKROOT)/Developer/Library/Frameworks",
					"$(inherited)",
					"$(DEVELOPER_FRAMEWORKS_DIR)",
				);
				GCC_PRECOMPILE_PREFIX_HEADER = YES;
				GCC_PREFIX_HEADER = "UITVC_Challange/UITVC_Challange-Prefix.pch";
				GCC_PREPROCESSOR_DEFINITIONS = (
					"DEBUG=1",
					"$(inherited)",
				);
				INFOPLIST_FILE = "UITVC_ChallangeTests/UITVC_ChallangeTests-Info.plist";
				PRODUCT_NAME = "$(TARGET_NAME)";
				TEST_HOST = "$(BUNDLE_LOADER)";
				WRAPPER_EXTENSION = xctest;
			};
			name = Debug;
		};
		3722D94A18F216F800C2B860 /* Release */ = {
			isa = XCBuildConfiguration;
			buildSettings = {
				BUNDLE_LOADER = "$(BUILT_PRODUCTS_DIR)/UITVC_Challange.app/UITVC_Challange";
				FRAMEWORK_SEARCH_PATHS = (
					"$(SDKROOT)/Developer/Library/Frameworks",
					"$(inherited)",
					"$(DEVELOPER_FRAMEWORKS_DIR)",
				);
				GCC_PRECOMPILE_PREFIX_HEADER = YES;
				GCC_PREFIX_HEADER = "UITVC_Challange/UITVC_Challange-Prefix.pch";
				INFOPLIST_FILE = "UITVC_ChallangeTests/UITVC_ChallangeTests-Info.plist";
				PRODUCT_NAME = "$(TARGET_NAME)";
				TEST_HOST = "$(BUNDLE_LOADER)";
				WRAPPER_EXTENSION = xctest;
			};
			name = Release;
		};
/* End XCBuildConfiguration section */

/* Begin XCConfigurationList section */
		3722D90E18F216F700C2B860 /* Build configuration list for PBXProject "UITVC_Challange" */ = {
			isa = XCConfigurationList;
			buildConfigurations = (
				3722D94318F216F800C2B860 /* Debug */,
				3722D94418F216F800C2B860 /* Release */,
			);
			defaultConfigurationIsVisible = 0;
			defaultConfigurationName = Release;
		};
		3722D94518F216F800C2B860 /* Build configuration list for PBXNativeTarget "UITVC_Challange" */ = {
			isa = XCConfigurationList;
			buildConfigurations = (
				3722D94618F216F800C2B860 /* Debug */,
				3722D94718F216F800C2B860 /* Release */,
			);
			defaultConfigurationIsVisible = 0;
		};
		3722D94818F216F800C2B860 /* Build configuration list for PBXNativeTarget "UITVC_ChallangeTests" */ = {
			isa = XCConfigurationList;
			buildConfigurations = (
				3722D94918F216F800C2B860 /* Debug */,
				3722D94A18F216F800C2B860 /* Release */,
			);
			defaultConfigurationIsVisible = 0;
		};
/* End XCConfigurationList section */
	};
	rootObject = 3722D90B18F216F700C2B860 /* Project object */;
}
